PODS:
  - CryptoSwift (1.8.4)
  - DifferenceKit (1.3.0):
    - DifferenceKit/Core (= 1.3.0)
    - DifferenceKit/UIKitExtension (= 1.3.0)
  - DifferenceKit/Core (1.3.0)
  - DifferenceKit/UIKitExtension (1.3.0):
    - DifferenceKit/Core
  - flureadium (0.0.1):
    - Flutter
    - PromiseKit (~> 8.1)
    - ReadiumAdapterGCDWebServer (~> 3.5.0)
    - ReadiumNavigator (~> 3.5.0)
    - ReadiumOPDS (~> 3.5.0)
    - ReadiumShared (~> 3.5.0)
    - ReadiumStreamer (~> 3.5.0)
  - Flutter (1.0.0)
  - integration_test (0.0.1):
    - Flutter
  - Minizip (1.0.0)
  - package_info_plus (0.4.5):
    - Flutter
  - path_provider_foundation (0.0.1):
    - Flutter
    - FlutterMacOS
  - pointer_interceptor_ios (0.0.1):
    - Flutter
  - PromiseKit (8.2.0):
    - PromiseKit/CorePromise (= 8.2.0)
    - PromiseKit/Foundation (= 8.2.0)
    - PromiseKit/UIKit (= 8.2.0)
  - PromiseKit/CorePromise (8.2.0)
  - PromiseKit/Foundation (8.2.0):
    - PromiseKit/CorePromise
  - PromiseKit/UIKit (8.2.0):
    - PromiseKit/CorePromise
  - ReadiumAdapterGCDWebServer (3.5.0):
    - ReadiumGCDWebServer (~> 4.0.0)
    - ReadiumInternal (~> 3.5.0)
    - ReadiumShared (~> 3.5.0)
  - ReadiumFuzi (4.0.0)
  - ReadiumGCDWebServer (4.0.1):
    - ReadiumGCDWebServer/Core (= 4.0.1)
  - ReadiumGCDWebServer/Core (4.0.1)
  - ReadiumInternal (3.5.0)
  - ReadiumNavigator (3.5.0):
    - DifferenceKit (~> 1.0)
    - ReadiumInternal (~> 3.5.0)
    - ReadiumShared (~> 3.5.0)
    - SwiftSoup (~> 2.7.0)
  - ReadiumOPDS (3.5.0):
    - ReadiumFuzi (~> 4.0.0)
    - ReadiumInternal (~> 3.5.0)
    - ReadiumShared (~> 3.5.0)
  - ReadiumShared (3.5.0):
    - Minizip (~> 1.0.0)
    - ReadiumFuzi (~> 4.0.0)
    - ReadiumInternal (~> 3.5.0)
    - ReadiumZIPFoundation (~> 3.0.1)
    - SwiftSoup (~> 2.7.0)
  - ReadiumStreamer (3.5.0):
    - CryptoSwift (~> 1.8.0)
    - ReadiumFuzi (~> 4.0.0)
    - ReadiumInternal (~> 3.5.0)
    - ReadiumShared (~> 3.5.0)
  - ReadiumZIPFoundation (3.0.1)
  - SwiftSoup (2.7.6)
  - wakelock_plus (0.0.1):
    - Flutter

DEPENDENCIES:
  - flureadium (from `.symlinks/plugins/flureadium/ios`)
  - Flutter (from `Flutter`)
  - integration_test (from `.symlinks/plugins/integration_test/ios`)
  - package_info_plus (from `.symlinks/plugins/package_info_plus/ios`)
  - path_provider_foundation (from `.symlinks/plugins/path_provider_foundation/darwin`)
  - pointer_interceptor_ios (from `.symlinks/plugins/pointer_interceptor_ios/ios`)
  - PromiseKit (~> 8.1)
  - ReadiumAdapterGCDWebServer (from `https://raw.githubusercontent.com/readium/swift-toolkit/3.5.0/Support/CocoaPods/ReadiumAdapterGCDWebServer.podspec`)
  - ReadiumInternal (from `https://raw.githubusercontent.com/readium/swift-toolkit/3.5.0/Support/CocoaPods/ReadiumInternal.podspec`)
  - ReadiumNavigator (from `https://raw.githubusercontent.com/readium/swift-toolkit/3.5.0/Support/CocoaPods/ReadiumNavigator.podspec`)
  - ReadiumOPDS (from `https://raw.githubusercontent.com/readium/swift-toolkit/3.5.0/Support/CocoaPods/ReadiumOPDS.podspec`)
  - ReadiumShared (from `https://raw.githubusercontent.com/readium/swift-toolkit/3.5.0/Support/CocoaPods/ReadiumShared.podspec`)
  - ReadiumStreamer (from `https://raw.githubusercontent.com/readium/swift-toolkit/3.5.0/Support/CocoaPods/ReadiumStreamer.podspec`)
  - ReadiumZIPFoundation (from `https://raw.githubusercontent.com/readium/podspecs/refs/heads/main/ReadiumZIPFoundation/3.0.1/ReadiumZIPFoundation.podspec`)
  - wakelock_plus (from `.symlinks/plugins/wakelock_plus/ios`)

SPEC REPOS:
  trunk:
    - CryptoSwift
    - DifferenceKit
    - Minizip
    - PromiseKit
    - ReadiumFuzi
    - ReadiumGCDWebServer
    - SwiftSoup

EXTERNAL SOURCES:
  flureadium:
    :path: ".symlinks/plugins/flureadium/ios"
  Flutter:
    :path: Flutter
  integration_test:
    :path: ".symlinks/plugins/integration_test/ios"
  package_info_plus:
    :path: ".symlinks/plugins/package_info_plus/ios"
  path_provider_foundation:
    :path: ".symlinks/plugins/path_provider_foundation/darwin"
  pointer_interceptor_ios:
    :path: ".symlinks/plugins/pointer_interceptor_ios/ios"
  ReadiumAdapterGCDWebServer:
    :podspec: https://raw.githubusercontent.com/readium/swift-toolkit/3.5.0/Support/CocoaPods/ReadiumAdapterGCDWebServer.podspec
  ReadiumInternal:
    :podspec: https://raw.githubusercontent.com/readium/swift-toolkit/3.5.0/Support/CocoaPods/ReadiumInternal.podspec
  ReadiumNavigator:
    :podspec: https://raw.githubusercontent.com/readium/swift-toolkit/3.5.0/Support/CocoaPods/ReadiumNavigator.podspec
  ReadiumOPDS:
    :podspec: https://raw.githubusercontent.com/readium/swift-toolkit/3.5.0/Support/CocoaPods/ReadiumOPDS.podspec
  ReadiumShared:
    :podspec: https://raw.githubusercontent.com/readium/swift-toolkit/3.5.0/Support/CocoaPods/ReadiumShared.podspec
  ReadiumStreamer:
    :podspec: https://raw.githubusercontent.com/readium/swift-toolkit/3.5.0/Support/CocoaPods/ReadiumStreamer.podspec
  ReadiumZIPFoundation:
    :podspec: https://raw.githubusercontent.com/readium/podspecs/refs/heads/main/ReadiumZIPFoundation/3.0.1/ReadiumZIPFoundation.podspec
  wakelock_plus:
    :path: ".symlinks/plugins/wakelock_plus/ios"

SPEC CHECKSUMS:
  CryptoSwift: e64e11850ede528a02a0f3e768cec8e9d92ecb90
  DifferenceKit: ab185c4d7f9cef8af3fcf593e5b387fb81e999ca
  flureadium: a5e368316f4400c9939b8e2d07ab68d0d4b4ead0
  Flutter: cabc95a1d2626b1b06e7179b784ebcf0c0cde467
  integration_test: 4a889634ef21a45d28d50d622cf412dc6d9f586e
  Minizip: 188cb3e39a1195c283ae03bf673d182596fefd0b
  package_info_plus: af8e2ca6888548050f16fa2f1938db7b5a5df499
  path_provider_foundation: bb55f6dbba17d0dccd6737fe6f7f34fbd0376880
  pointer_interceptor_ios: da06a662d5bfd329602b45b2ab41bc0fb5fdb0f0
  PromiseKit: 74e6ab5894856b4762fef547055c809bca91d440
  ReadiumAdapterGCDWebServer: 5e20e4fd489d61dbecec510a96cdbd58119cdeac
  ReadiumFuzi: 888d023b862f524e314f85925c94768a501f05c0
  ReadiumGCDWebServer: 6c905689d61c416a73e0b16e9218c10bb405817c
  ReadiumInternal: cee9fd82fa433c429faf56a9d7e76a8697ff780f
  ReadiumNavigator: bb10a2624839c7697eda081088398378ccf7026a
  ReadiumOPDS: c28950a304bae03d1ab42272ef91b324b459d624
  ReadiumShared: 20be908d74b6f4de0811438eeca5ab0822ac7fb6
  ReadiumStreamer: b62701ca281e7017541c853b0738eb5b95130197
  ReadiumZIPFoundation: 2f3e19e361f1b7751ecf37a88c754287692c12c2
  SwiftSoup: 9ec2526c76ebc3fe5d3157c82b40b45a27eeb82d
  wakelock_plus: e29112ab3ef0b318e58cfa5c32326458be66b556

PODFILE CHECKSUM: 332494663e5d2e9fa3a78e9e9425f3b64439cfe9

COCOAPODS: 1.16.2
